{
  "requires": true,
  "lockfileVersion": 1,
  "dependencies": {
    "as-bind": {
      "version": "0.3.1",
      "resolved": "https://registry.npmjs.org/as-bind/-/as-bind-0.3.1.tgz",
      "integrity": "sha512-k2KVSAFnoDjq7uU3BAgsHcjh4SeIdbvp8/HoiHgOmir6JYMc61x7VBeFLq10AMmQnsozxAVuXcKIanziqQc0tA=="
    }
  }
}
