{
  "name": "assemblyscript",
  "lockfileVersion": 2,
  "requires": true,
  "packages": {
    "": {
      "dependencies": {
        "as-bind": "^0.8.0"
      },
      "devDependencies": {
        "assemblyscript": "^0.19.9"
      }
    },
    "node_modules/@assemblyscript/loader": {
      "version": "0.19.9",
      "resolved": "https://registry.npmjs.org/@assemblyscript/loader/-/loader-0.19.9.tgz",
      "integrity": "sha512-AL39UxO+LkYDXtxFTyJP1UVJYIgqVHTbwk9BMPZjoiNxPP/kxDP+LmHxkr1Pm6goR1QbnF69mn5NMuiLTde0mA==",
      "peer": true
    },
    "node_modules/as-bind": {
      "version": "0.8.0",
      "resolved": "https://registry.npmjs.org/as-bind/-/as-bind-0.8.0.tgz",
      "integrity": "sha512-TGQ0/9LtAFmSMzafSTupLjcw3OuzmHsKg9KEI52MZsj9MzjPP59JzglsznHFQI+cMqnvxC7SivedZ/7wZChkew==",
      "dependencies": {
        "visitor-as": "^0.5.0"
      },
      "peerDependencies": {
        "@assemblyscript/loader": "0.19.x",
        "assemblyscript": "0.19.x"
      }
    },
    "node_modules/assemblyscript": {
      "version": "0.19.9",
      "resolved": "https://registry.npmjs.org/assemblyscript/-/assemblyscript-0.19.9.tgz",
      "integrity": "sha512-nVEg1bbGBegJp+UO9okNHgjCX6sri4OrIkl/LCaNWLIvioN2IjFeYt3R6ppZ6L813VYJxKhf0hr6lhXOXw3dvA==",
      "dependencies": {
        "binaryen": "101.0.0-nightly.20210723",
        "long": "^4.0.0"
      },
      "bin": {
        "asc": "bin/asc",
        "asinit": "bin/asinit"
      },
      "funding": {
        "type": "opencollective",
        "url": "https://opencollective.com/assemblyscript"
      }
    },
    "node_modules/binaryen": {
      "version": "101.0.0-nightly.20210723",
      "resolved": "https://registry.npmjs.org/binaryen/-/binaryen-101.0.0-nightly.20210723.tgz",
      "integrity": "sha512-eioJNqhHlkguVSbblHOtLqlhtC882SOEPKmNFZaDuz1hzQjolxZ+eu3/kaS10n3sGPONsIZsO7R9fR00UyhEUA==",
      "bin": {
        "wasm-opt": "bin/wasm-opt"
      }
    },
    "node_modules/lodash.clonedeep": {
      "version": "4.5.0",
      "resolved": "https://registry.npmjs.org/lodash.clonedeep/-/lodash.clonedeep-4.5.0.tgz",
      "integrity": "sha1-4j8/nE+Pvd6HJSnBBxhXoIblzO8="
    },
    "node_modules/long": {
      "version": "4.0.0",
      "resolved": "https://registry.npmjs.org/long/-/long-4.0.0.tgz",
      "integrity": "sha512-XsP+KhQif4bjX1kbuSiySJFNAehNxgLb6hPRGJ9QsUr8ajHkuXGdrHmFUTUUXhDwVX2R5bY4JNZEwbUiMhV+MA=="
    },
    "node_modules/ts-mixer": {
      "version": "5.4.1",
      "resolved": "https://registry.npmjs.org/ts-mixer/-/ts-mixer-5.4.1.tgz",
      "integrity": "sha512-Zo9HgPCtNouDgJ+LGtrzVOjSg8+7WGQktIKLwAfaNrlOK1mWGlz1ejsAF/YqUEqAGjUTeB5fEg8gH9Aui6w9xA=="
    },
    "node_modules/visitor-as": {
      "version": "0.5.0",
      "resolved": "https://registry.npmjs.org/visitor-as/-/visitor-as-0.5.0.tgz",
      "integrity": "sha512-U2P13pa7BAnfj6IEbP4feS1Rci6NT4GlDcwpqkk90u7LGalc5jH9aMuWnxTC8RJJ92iZzDQ8Lea5/OnLDsgzlw==",
      "dependencies": {
        "lodash.clonedeep": "^4.5.0",
        "ts-mixer": "^5.1.0"
      }
    }
  },
  "dependencies": {
    "@assemblyscript/loader": {
      "version": "0.19.9",
      "resolved": "https://registry.npmjs.org/@assemblyscript/loader/-/loader-0.19.9.tgz",
      "integrity": "sha512-AL39UxO+LkYDXtxFTyJP1UVJYIgqVHTbwk9BMPZjoiNxPP/kxDP+LmHxkr1Pm6goR1QbnF69mn5NMuiLTde0mA==",
      "peer": true
    },
    "as-bind": {
      "version": "0.8.0",
      "resolved": "https://registry.npmjs.org/as-bind/-/as-bind-0.8.0.tgz",
      "integrity": "sha512-TGQ0/9LtAFmSMzafSTupLjcw3OuzmHsKg9KEI52MZsj9MzjPP59JzglsznHFQI+cMqnvxC7SivedZ/7wZChkew==",
      "requires": {
        "visitor-as": "^0.5.0"
      }
    },
    "assemblyscript": {
      "version": "0.19.9",
      "resolved": "https://registry.npmjs.org/assemblyscript/-/assemblyscript-0.19.9.tgz",
      "integrity": "sha512-nVEg1bbGBegJp+UO9okNHgjCX6sri4OrIkl/LCaNWLIvioN2IjFeYt3R6ppZ6L813VYJxKhf0hr6lhXOXw3dvA==",
      "requires": {
        "binaryen": "101.0.0-nightly.20210723",
        "long": "^4.0.0"
      }
    },
    "binaryen": {
      "version": "101.0.0-nightly.20210723",
      "resolved": "https://registry.npmjs.org/binaryen/-/binaryen-101.0.0-nightly.20210723.tgz",
      "integrity": "sha512-eioJNqhHlkguVSbblHOtLqlhtC882SOEPKmNFZaDuz1hzQjolxZ+eu3/kaS10n3sGPONsIZsO7R9fR00UyhEUA=="
    },
    "lodash.clonedeep": {
      "version": "4.5.0",
      "resolved": "https://registry.npmjs.org/lodash.clonedeep/-/lodash.clonedeep-4.5.0.tgz",
      "integrity": "sha1-4j8/nE+Pvd6HJSnBBxhXoIblzO8="
    },
    "long": {
      "version": "4.0.0",
      "resolved": "https://registry.npmjs.org/long/-/long-4.0.0.tgz",
      "integrity": "sha512-XsP+KhQif4bjX1kbuSiySJFNAehNxgLb6hPRGJ9QsUr8ajHkuXGdrHmFUTUUXhDwVX2R5bY4JNZEwbUiMhV+MA=="
    },
    "ts-mixer": {
      "version": "5.4.1",
      "resolved": "https://registry.npmjs.org/ts-mixer/-/ts-mixer-5.4.1.tgz",
      "integrity": "sha512-Zo9HgPCtNouDgJ+LGtrzVOjSg8+7WGQktIKLwAfaNrlOK1mWGlz1ejsAF/YqUEqAGjUTeB5fEg8gH9Aui6w9xA=="
    },
    "visitor-as": {
      "version": "0.5.0",
      "resolved": "https://registry.npmjs.org/visitor-as/-/visitor-as-0.5.0.tgz",
      "integrity": "sha512-U2P13pa7BAnfj6IEbP4feS1Rci6NT4GlDcwpqkk90u7LGalc5jH9aMuWnxTC8RJJ92iZzDQ8Lea5/OnLDsgzlw==",
      "requires": {
        "lodash.clonedeep": "^4.5.0",
        "ts-mixer": "^5.1.0"
      }
    }
  }
}
